# This file was autogenerated by Stack.
# You should not edit this file by hand.
# For more information, please see the documentation at:
#   https://docs.haskellstack.org/en/stable/lock_files

packages:
- completed:
    name: direct-sqlite
    version: 2.3.27
    git: https://github.com/IreneKnapp/direct-sqlite
    pantry-tree:
      size: 1309
      sha256: fd52be7e3dfabb391c5b44c113ae023c9ec8c80c970cc483e390fba5e9bf1bc1
    commit: 46ea7929e44f87da3979ee4960e3652af789f79c
  original:
    git: https://github.com/IreneKnapp/direct-sqlite
    commit: 46ea7929e44f87da3979ee4960e3652af789f79c
snapshots:
- completed:
    size: 619399
    url: https://raw.githubusercontent.com/commercialhaskell/stackage-snapshots/master/lts/19/22.yaml
    sha256: 5098594e71bdefe0c13e9e6236f12e3414ef91a2b89b029fd30e8fc8087f3a07
  original:
    url: https://raw.githubusercontent.com/commercialhaskell/stackage-snapshots/master/lts/19/22.yaml
